
Microsoft Visual Studio Solution File, Format Version 12.00
# Visual Studio Version 17
VisualStudioVersion = 17.11.35303.130
MinimumVisualStudioVersion = 10.0.40219.1
Project("{8BC9CEB8-8B4A-11D0-8D11-00A0C91BC942}") = "double-linked", "double-linked.vcxproj", "{AEC20A7B-7CAF-46A7-9A6D-08D725B04687}"
EndProject
Global
	GlobalSection(SolutionConfigurationPlatforms) = preSolution
		Debug|x64 = Debug|x64
		Debug|x86 = Debug|x86
		Release|x64 = Release|x64
		Release|x86 = Release|x86
	EndGlobalSection
	GlobalSection(ProjectConfigurationPlatforms) = postSolution
		{AEC20A7B-7CAF-46A7-9A6D-08D725B04687}.Debug|x64.ActiveCfg = Debug|x64
		{AEC20A7B-7CAF-46A7-9A6D-08D725B04687}.Debug|x64.Build.0 = Debug|x64
		{AEC20A7B-7CAF-46A7-9A6D-08D725B04687}.Debug|x86.ActiveCfg = Debug|Win32
		{AEC20A7B-7CAF-46A7-9A6D-08D725B04687}.Debug|x86.Build.0 = Debug|Win32
		{AEC20A7B-7CAF-46A7-9A6D-08D725B04687}.Release|x64.ActiveCfg = Release|x64
		{AEC20A7B-7CAF-46A7-9A6D-08D725B04687}.Release|x64.Build.0 = Release|x64
		{AEC20A7B-7CAF-46A7-9A6D-08D725B04687}.Release|x86.ActiveCfg = Release|Win32
		{AEC20A7B-7CAF-46A7-9A6D-08D725B04687}.Release|x86.Build.0 = Release|Win32
	EndGlobalSection
	GlobalSection(SolutionProperties) = preSolution
		HideSolutionNode = FALSE
	EndGlobalSection
	GlobalSection(ExtensibilityGlobals) = postSolution
		SolutionGuid = {731281BE-707F-49D0-A2F9-A170857B57B4}
	EndGlobalSection
EndGlobal
